
Microsoft Visual Studio Solution File, Format Version 12.00
Project("{FAE04EC0-301F-11D3-BF4B-00C04F79EFBC}") = "MyDevJournal", "MyDevJournal\MyDevJournal.csproj", "{9052C8A6-C98E-417F-A9B6-5144205EA52B}"
EndProject
Global
	GlobalSection(SolutionConfigurationPlatforms) = preSolution
		Debug|Any CPU = Debug|Any CPU
		Release|Any CPU = Release|Any CPU
	EndGlobalSection
	GlobalSection(ProjectConfigurationPlatforms) = postSolution
		{9052C8A6-C98E-417F-A9B6-5144205EA52B}.Debug|Any CPU.ActiveCfg = Debug|Any CPU
		{9052C8A6-C98E-417F-A9B6-5144205EA52B}.Debug|Any CPU.Build.0 = Debug|Any CPU
		{9052C8A6-C98E-417F-A9B6-5144205EA52B}.Release|Any CPU.ActiveCfg = Release|Any CPU
		{9052C8A6-C98E-417F-A9B6-5144205EA52B}.Release|Any CPU.Build.0 = Release|Any CPU
	EndGlobalSection
EndGlobal
